// !$*UTF8*$!
{
	archiveVersion = 1;
	classes = {
	};
	objectVersion = 46;
	objects = {

/* Begin PBXBuildFile section */
		BDDE49421EE15D160010B96E /* Assets.xcassets in Resources */ = {isa = PBXBuildFile; fileRef = BDDE49341EE15D160010B96E /* Assets.xcassets */; };
		BDDE49431EE15D160010B96E /* Info.plist in Resources */ = {isa = PBXBuildFile; fileRef = BDDE49361EE15D160010B96E /* Info.plist */; };
		BDDE49441EE15D160010B96E /* AppDelegate.swift in Sources */ = {isa = PBXBuildFile; fileRef = BDDE49411EE15D160010B96E /* AppDelegate.swift */; };
/* End PBXBuildFile section */

/* Begin PBXFileReference section */
		BDDE491A1EE1587E0010B96E /* robot.app */ = {isa = PBXFileReference; explicitFileType = wrapper.application; includeInIndex = 0; path = robot.app; sourceTree = BUILT_PRODUCTS_DIR; };
		BDDE49341EE15D160010B96E /* Assets.xcassets */ = {isa = PBXFileReference; lastKnownFileType = folder.assetcatalog; path = Assets.xcassets; sourceTree = "<group>"; };
		BDDE49361EE15D160010B96E /* Info.plist */ = {isa = PBXFileReference; fileEncoding = 4; lastKnownFileType = text.plist.xml; path = Info.plist; sourceTree = "<group>"; };
		BDDE49411EE15D160010B96E /* AppDelegate.swift */ = {isa = PBXFileReference; fileEncoding = 4; lastKnownFileType = sourcecode.swift; path = AppDelegate.swift; sourceTree = "<group>"; };
/* End PBXFileReference section */

/* Begin PBXFrameworksBuildPhase section */
		BDDE49171EE1587E0010B96E /* Frameworks */ = {
			isa = PBXFrameworksBuildPhase;
			buildActionMask = 2147483647;
			files = (
			);
			runOnlyForDeploymentPostprocessing = 0;
		};
/* End PBXFrameworksBuildPhase section */

/* Begin PBXGroup section */
		BDDE49111EE1587E0010B96E = {
			isa = PBXGroup;
			children = (
				BDDE491C1EE1587E0010B96E /* robot */,
				BDDE491B1EE1587E0010B96E /* Products */,
			);
			sourceTree = "<group>";
		};
		BDDE491B1EE1587E0010B96E /* Products */ = {
			isa = PBXGroup;
			children = (
				BDDE491A1EE1587E0010B96E /* robot.app */,
			);
			name = Products;
			sourceTree = "<group>";
		};
		BDDE491C1EE1587E0010B96E /* robot */ = {
			isa = PBXGroup;
			children = (
				BDDE49401EE15D160010B96E /* AppDelegate */,
				BDDE493F1EE15D160010B96E /* Base */,
				BDDE49311EE15D160010B96E /* XHTabbar */,
				BDDE49321EE15D160010B96E /* ThridFramework */,
				BDDE49331EE15D160010B96E /* Resource */,
				BDDE49391EE15D160010B96E /* Networking */,
				BDDE493A1EE15D160010B96E /* More */,
				BDDE493B1EE15D160010B96E /* Macro */,
				BDDE493C1EE15D160010B96E /* HomeVC */,
				BDDE493D1EE15D160010B96E /* CodeFragment */,
				BDDE493E1EE15D160010B96E /* Base.lproj */,
			);
			path = robot;
			sourceTree = "<group>";
		};
		BDDE49311EE15D160010B96E /* XHTabbar */ = {
			isa = PBXGroup;
			children = (
			);
			path = XHTabbar;
			sourceTree = "<group>";
		};
		BDDE49321EE15D160010B96E /* ThridFramework */ = {
			isa = PBXGroup;
			children = (
			);
			path = ThridFramework;
			sourceTree = "<group>";
		};
		BDDE49331EE15D160010B96E /* Resource */ = {
			isa = PBXGroup;
			children = (
				BDDE49341EE15D160010B96E /* Assets.xcassets */,
				BDDE49351EE15D160010B96E /* image */,
				BDDE49361EE15D160010B96E /* Info.plist */,
				BDDE49371EE15D160010B96E /* other */,
				BDDE49381EE15D160010B96E /* sound */,
			);
			path = Resource;
			sourceTree = "<group>";
		};
		BDDE49351EE15D160010B96E /* image */ = {
			isa = PBXGroup;
			children = (
			);
			path = image;
			sourceTree = "<group>";
		};
		BDDE49371EE15D160010B96E /* other */ = {
			isa = PBXGroup;
			children = (
			);
			path = other;
			sourceTree = "<group>";
		};
		BDDE49381EE15D160010B96E /* sound */ = {
			isa = PBXGroup;
			children = (
			);
			path = sound;
			sourceTree = "<group>";
		};
		BDDE49391EE15D160010B96E /* Networking */ = {
			isa = PBXGroup;
			children = (
			);
			path = Networking;
			sourceTree = "<group>";
		};
		BDDE493A1EE15D160010B96E /* More */ = {
			isa = PBXGroup;
			children = (
			);
			path = More;
			sourceTree = "<group>";
		};
		BDDE493B1EE15D160010B96E /* Macro */ = {
			isa = PBXGroup;
			children = (
			);
			path = Macro;
			sourceTree = "<group>";
		};
		BDDE493C1EE15D160010B96E /* HomeVC */ = {
			isa = PBXGroup;
			children = (
			);
			path = HomeVC;
			sourceTree = "<group>";
		};
		BDDE493D1EE15D160010B96E /* CodeFragment */ = {
			isa = PBXGroup;
			children = (
			);
			path = CodeFragment;
			sourceTree = "<group>";
		};
		BDDE493E1EE15D160010B96E /* Base.lproj */ = {
			isa = PBXGroup;
			children = (
			);
			path = Base.lproj;
			sourceTree = "<group>";
		};
		BDDE493F1EE15D160010B96E /* Base */ = {
			isa = PBXGroup;
			children = (
			);
			path = Base;
			sourceTree = "<group>";
		};
		BDDE49401EE15D160010B96E /* AppDelegate */ = {
			isa = PBXGroup;
			children = (
				BDDE49411EE15D160010B96E /* AppDelegate.swift */,
			);
			path = AppDelegate;
			sourceTree = "<group>";
		};
/* End PBXGroup section */

/* Begin PBXNativeTarget section */
		BDDE49191EE1587E0010B96E /* robot */ = {
			isa = PBXNativeTarget;
			buildConfigurationList = BDDE492C1EE1587E0010B96E /* Build configuration list for PBXNativeTarget "robot" */;
			buildPhases = (
				BDDE49161EE1587E0010B96E /* Sources */,
				BDDE49171EE1587E0010B96E /* Frameworks */,
				BDDE49181EE1587E0010B96E /* Resources */,
			);
			buildRules = (
			);
			dependencies = (
			);
			name = robot;
			productName = robot;
			productReference = BDDE491A1EE1587E0010B96E /* robot.app */;
			productType = "com.apple.product-type.application";
		};
/* End PBXNativeTarget section */

/* Begin PBXProject section */
		BDDE49121EE1587E0010B96E /* Project object */ = {
			isa = PBXProject;
			attributes = {
				LastSwiftUpdateCheck = 0830;
				LastUpgradeCheck = 0830;
				ORGANIZATIONNAME = niaoyutong;
				TargetAttributes = {
					BDDE49191EE1587E0010B96E = {
						CreatedOnToolsVersion = 8.3.2;
						DevelopmentTeam = 7A99V6896N;
						ProvisioningStyle = Automatic;
					};
				};
			};
			buildConfigurationList = BDDE49151EE1587E0010B96E /* Build configuration list for PBXProject "robot" */;
			compatibilityVersion = "Xcode 3.2";
			developmentRegion = English;
			hasScannedForEncodings = 0;
			knownRegions = (
				en,
				Base,
			);
			mainGroup = BDDE49111EE1587E0010B96E;
			productRefGroup = BDDE491B1EE1587E0010B96E /* Products */;
			projectDirPath = "";
			projectRoot = "";
			targets = (
				BDDE49191EE1587E0010B96E /* robot */,
			);
		};
/* End PBXProject section */

/* Begin PBXResourcesBuildPhase section */
		BDDE49181EE1587E0010B96E /* Resources */ = {
			isa = PBXResourcesBuildPhase;
			buildActionMask = 2147483647;
			files = (
				BDDE49431EE15D160010B96E /* Info.plist in Resources */,
				BDDE49421EE15D160010B96E /* Assets.xcassets in Resources */,
			);
			runOnlyForDeploymentPostprocessing = 0;
		};
/* End PBXResourcesBuildPhase section */

/* Begin PBXSourcesBuildPhase section */
		BDDE49161EE1587E0010B96E /* Sources */ = {
			isa = PBXSourcesBuildPhase;
			buildActionMask = 2147483647;
			files = (
				BDDE49441EE15D160010B96E /* AppDelegate.swift in Sources */,
			);
			runOnlyForDeploymentPostprocessing = 0;
		};
/* End PBXSourcesBuildPhase section */

/* Begin XCBuildConfiguration section */
		BDDE492A1EE1587E0010B96E /* Debug */ = {
			isa = XCBuildConfiguration;
			buildSettings = {
				ALWAYS_SEARCH_USER_PATHS = NO;
				CLANG_ANALYZER_NONNULL = YES;
				CLANG_ANALYZER_NUMBER_OBJECT_CONVERSION = YES_AGGRESSIVE;
				CLANG_CXX_LANGUAGE_STANDARD = "gnu++0x";
				CLANG_CXX_LIBRARY = "libc++";
				CLANG_ENABLE_MODULES = YES;
				CLANG_ENABLE_OBJC_ARC = YES;
				CLANG_WARN_BOOL_CONVERSION = YES;
				CLANG_WARN_CONSTANT_CONVERSION = YES;
				CLANG_WARN_DIRECT_OBJC_ISA_USAGE = YES_ERROR;
				CLANG_WARN_DOCUMENTATION_COMMENTS = YES;
				CLANG_WARN_EMPTY_BODY = YES;
				CLANG_WARN_ENUM_CONVERSION = YES;
				CLANG_WARN_INFINITE_RECURSION = YES;
				CLANG_WARN_INT_CONVERSION = YES;
				CLANG_WARN_OBJC_ROOT_CLASS = YES_ERROR;
				CLANG_WARN_SUSPICIOUS_MOVE = YES;
				CLANG_WARN_UNREACHABLE_CODE = YES;
				CLANG_WARN__DUPLICATE_METHOD_MATCH = YES;
				"CODE_SIGN_IDENTITY[sdk=iphoneos*]" = "iPhone Developer";
				COPY_PHASE_STRIP = NO;
				DEBUG_INFORMATION_FORMAT = dwarf;
				ENABLE_STRICT_OBJC_MSGSEND = YES;
				ENABLE_TESTABILITY = YES;
				GCC_C_LANGUAGE_STANDARD = gnu99;
				GCC_DYNAMIC_NO_PIC = NO;
				GCC_NO_COMMON_BLOCKS = YES;
				GCC_OPTIMIZATION_LEVEL = 0;
				GCC_PREPROCESSOR_DEFINITIONS = (
					"DEBUG=1",
					"$(inherited)",
				);
				GCC_WARN_64_TO_32_BIT_CONVERSION = YES;
				GCC_WARN_ABOUT_RETURN_TYPE = YES_ERROR;
				GCC_WARN_UNDECLARED_SELECTOR = YES;
				GCC_WARN_UNINITIALIZED_AUTOS = YES_AGGRESSIVE;
				GCC_WARN_UNUSED_FUNCTION = YES;
				GCC_WARN_UNUSED_VARIABLE = YES;
				IPHONEOS_DEPLOYMENT_TARGET = 10.0;
				MTL_ENABLE_DEBUG_INFO = YES;
				ONLY_ACTIVE_ARCH = YES;
				SDKROOT = iphoneos;
				SWIFT_ACTIVE_COMPILATION_CONDITIONS = DEBUG;
				SWIFT_OPTIMIZATION_LEVEL = "-Onone";
			};
			name = Debug;
		};
		BDDE492B1EE1587E0010B96E /* Release */ = {
			isa = XCBuildConfiguration;
			buildSettings = {
				ALWAYS_SEARCH_USER_PATHS = NO;
				CLANG_ANALYZER_NONNULL = YES;
				CLANG_ANALYZER_NUMBER_OBJECT_CONVERSION = YES_AGGRESSIVE;
				CLANG_CXX_LANGUAGE_STANDARD = "gnu++0x";
				CLANG_CXX_LIBRARY = "libc++";
				CLANG_ENABLE_MODULES = YES;
				CLANG_ENABLE_OBJC_ARC = YES;
				CLANG_WARN_BOOL_CONVERSION = YES;
				CLANG_WARN_CONSTANT_CONVERSION = YES;
				CLANG_WARN_DIRECT_OBJC_ISA_USAGE = YES_ERROR;
				CLANG_WARN_DOCUMENTATION_COMMENTS = YES;
				CLANG_WARN_EMPTY_BODY = YES;
				CLANG_WARN_ENUM_CONVERSION = YES;
				CLANG_WARN_INFINITE_RECURSION = YES;
				CLANG_WARN_INT_CONVERSION = YES;
				CLANG_WARN_OBJC_ROOT_CLASS = YES_ERROR;
				CLANG_WARN_SUSPICIOUS_MOVE = YES;
				CLANG_WARN_UNREACHABLE_CODE = YES;
				CLANG_WARN__DUPLICATE_METHOD_MATCH = YES;
				"CODE_SIGN_IDENTITY[sdk=iphoneos*]" = "iPhone Developer";
				COPY_PHASE_STRIP = NO;
				DEBUG_INFORMATION_FORMAT = "dwarf-with-dsym";
				ENABLE_NS_ASSERTIONS = NO;
				ENABLE_STRICT_OBJC_MSGSEND = YES;
				GCC_C_LANGUAGE_STANDARD = gnu99;
				GCC_NO_COMMON_BLOCKS = YES;
				GCC_WARN_64_TO_32_BIT_CONVERSION = YES;
				GCC_WARN_ABOUT_RETURN_TYPE = YES_ERROR;
				GCC_WARN_UNDECLARED_SELECTOR = YES;
				GCC_WARN_UNINITIALIZED_AUTOS = YES_AGGRESSIVE;
				GCC_WARN_UNUSED_FUNCTION = YES;
				GCC_WARN_UNUSED_VARIABLE = YES;
				IPHONEOS_DEPLOYMENT_TARGET = 10.0;
				MTL_ENABLE_DEBUG_INFO = NO;
				SDKROOT = iphoneos;
				SWIFT_OPTIMIZATION_LEVEL = "-Owholemodule";
				VALIDATE_PRODUCT = YES;
			};
			name = Release;
		};
		BDDE492D1EE1587E0010B96E /* Debug */ = {
			isa = XCBuildConfiguration;
			buildSettings = {
				ASSETCATALOG_COMPILER_APPICON_NAME = AppIcon;
				ASSETCATALOG_COMPILER_LAUNCHIMAGE_NAME = LaunchImage;
				DEVELOPMENT_TEAM = 7A99V6896N;
				INFOPLIST_FILE = robot/Info.plist;
				IPHONEOS_DEPLOYMENT_TARGET = 10.0;
				LD_RUNPATH_SEARCH_PATHS = "$(inherited) @executable_path/Frameworks";
				PRODUCT_BUNDLE_IDENTIFIER = com.ios.robot;
				PRODUCT_NAME = "$(TARGET_NAME)";
				SWIFT_VERSION = 3.0;
			};
			name = Debug;
		};
		BDDE492E1EE1587E0010B96E /* Release */ = {
			isa = XCBuildConfiguration;
			buildSettings = {
				ASSETCATALOG_COMPILER_APPICON_NAME = AppIcon;
				ASSETCATALOG_COMPILER_LAUNCHIMAGE_NAME = LaunchImage;
				DEVELOPMENT_TEAM = 7A99V6896N;
				INFOPLIST_FILE = robot/Info.plist;
				IPHONEOS_DEPLOYMENT_TARGET = 10.0;
				LD_RUNPATH_SEARCH_PATHS = "$(inherited) @executable_path/Frameworks";
				PRODUCT_BUNDLE_IDENTIFIER = com.ios.robot;
				PRODUCT_NAME = "$(TARGET_NAME)";
				SWIFT_VERSION = 3.0;
			};
			name = Release;
		};
/* End XCBuildConfiguration section */

/* Begin XCConfigurationList section */
		BDDE49151EE1587E0010B96E /* Build configuration list for PBXProject "robot" */ = {
			isa = XCConfigurationList;
			buildConfigurations = (
				BDDE492A1EE1587E0010B96E /* Debug */,
				BDDE492B1EE1587E0010B96E /* Release */,
			);
			defaultConfigurationIsVisible = 0;
			defaultConfigurationName = Release;
		};
		BDDE492C1EE1587E0010B96E /* Build configuration list for PBXNativeTarget "robot" */ = {
			isa = XCConfigurationList;
			buildConfigurations = (
				BDDE492D1EE1587E0010B96E /* Debug */,
				BDDE492E1EE1587E0010B96E /* Release */,
			);
			defaultConfigurationIsVisible = 0;
			defaultConfigurationName = Release;
		};
/* End XCConfigurationList section */
	};
	rootObject = BDDE49121EE1587E0010B96E /* Project object */;
}
